# @generated by Move, please check-in and do not edit manually.

[move]
version = 3
manifest_digest = "5A6FAF3C923653EEF90A15F300C22D80125D084F14D3712CE8D8C5ECD3BB6E03"
deps_digest = "F8BBB0CCB2491CA29A3DF03D6F92277A4F3574266507ACD77214D37ECA3F3082"
dependencies = [
  { id = "Sui", name = "Sui" },
]

[[move.package]]
id = "MoveStdlib"
source = { git = "https://github.com/MystenLabs/sui.git", rev = "framework/mainnet", subdir = "crates/sui-framework/packages/move-stdlib" }

[[move.package]]
id = "Sui"
source = { git = "https://github.com/MystenLabs/sui.git", rev = "framework/mainnet", subdir = "crates/sui-framework/packages/sui-framework" }

dependencies = [
  { id = "MoveStdlib", name = "MoveStdlib" },
]

[move.toolchain-version]
compiler-version = "1.61.1"
edition = "2024.beta"
flavor = "sui"

[env]

[env.testnet]
chain-id = "4c78adac"
original-published-id = "0x24e80429968c71831bf0b285179c73caed0c94b4277b7aea7a67a516056e4ce8"
latest-published-id = "0x24e80429968c71831bf0b285179c73caed0c94b4277b7aea7a67a516056e4ce8"
published-version = "1"
